
Microsoft Visual Studio Solution File, Format Version 12.00
# Visual Studio Version 17
VisualStudioVersion = 17.6.33815.320
MinimumVisualStudioVersion = 10.0.40219.1
Project("{FAE04EC0-301F-11D3-BF4B-00C04F79EFBC}") = "CalcApp", "CalcApp\CalcApp.csproj", "{B063A19C-524A-4E1D-9B21-0E8FBD3728AF}"
EndProject
Project("{FAE04EC0-301F-11D3-BF4B-00C04F79EFBC}") = "CalcTest", "CalcTest\CalcTest.csproj", "{6555F476-07BA-4096-B03D-4281DFBD11E9}"
EndProject
Global
	GlobalSection(SolutionConfigurationPlatforms) = preSolution
		Debug|Any CPU = Debug|Any CPU
		Release|Any CPU = Release|Any CPU
	EndGlobalSection
	GlobalSection(ProjectConfigurationPlatforms) = postSolution
		{B063A19C-524A-4E1D-9B21-0E8FBD3728AF}.Debug|Any CPU.ActiveCfg = Debug|Any CPU
		{B063A19C-524A-4E1D-9B21-0E8FBD3728AF}.Debug|Any CPU.Build.0 = Debug|Any CPU
		{B063A19C-524A-4E1D-9B21-0E8FBD3728AF}.Release|Any CPU.ActiveCfg = Release|Any CPU
		{B063A19C-524A-4E1D-9B21-0E8FBD3728AF}.Release|Any CPU.Build.0 = Release|Any CPU
		{6555F476-07BA-4096-B03D-4281DFBD11E9}.Debug|Any CPU.ActiveCfg = Debug|Any CPU
		{6555F476-07BA-4096-B03D-4281DFBD11E9}.Debug|Any CPU.Build.0 = Debug|Any CPU
		{6555F476-07BA-4096-B03D-4281DFBD11E9}.Release|Any CPU.ActiveCfg = Release|Any CPU
		{6555F476-07BA-4096-B03D-4281DFBD11E9}.Release|Any CPU.Build.0 = Release|Any CPU
	EndGlobalSection
	GlobalSection(SolutionProperties) = preSolution
		HideSolutionNode = FALSE
	EndGlobalSection
	GlobalSection(ExtensibilityGlobals) = postSolution
		SolutionGuid = {241E3D7D-FB9D-418F-8EAF-18BA65BF4EF6}
	EndGlobalSection
EndGlobal
